
Microsoft Visual Studio Solution File, Format Version 12.00
# Visual Studio Version 17
VisualStudioVersion = 17.2.32630.192
MinimumVisualStudioVersion = 10.0.40219.1
Project("{9A19103F-16F7-4668-BE54-9A1E7A4F7556}") = "R5T.F0034", "R5T.F0034\R5T.F0034.csproj", "{E94605FD-C787-4A97-BEE2-BD1E83BDE262}"
EndProject
Project("{2150E333-8FDC-42A3-9474-1A3956D46DE8}") = "_Dependencies", "_Dependencies", "{CB01A547-C25A-430C-9018-D9EDFF5FE423}"
EndProject
Project("{9A19103F-16F7-4668-BE54-9A1E7A4F7556}") = "R5T.T0132", "..\..\R5T.T0132\source\R5T.T0132\R5T.T0132.csproj", "{87762D73-729B-43F2-B4EA-7149F5B6D99B}"
EndProject
Project("{9A19103F-16F7-4668-BE54-9A1E7A4F7556}") = "R5T.F0000", "..\..\R5T.F0000\source\R5T.F0000\R5T.F0000.csproj", "{356EAE7F-4B6D-44E3-8833-EF193556A075}"
EndProject
Project("{9A19103F-16F7-4668-BE54-9A1E7A4F7556}") = "R5T.T0143", "..\..\R5T.T0143\source\R5T.T0143\R5T.T0143.csproj", "{5C79724C-AD9A-49B1-990D-0709C63A4DD3}"
EndProject
Project("{9A19103F-16F7-4668-BE54-9A1E7A4F7556}") = "R5T.Z0000", "..\..\R5T.Z0000\source\R5T.Z0000\R5T.Z0000.csproj", "{B356E086-C8DE-4637-94B7-AC3CFEEBCBDD}"
EndProject
Project("{9A19103F-16F7-4668-BE54-9A1E7A4F7556}") = "R5T.T0131", "..\..\R5T.T0131\source\R5T.T0131\R5T.T0131.csproj", "{81C683B2-C09C-4881-9949-2B495FDFD2F3}"
EndProject
Project("{9A19103F-16F7-4668-BE54-9A1E7A4F7556}") = "R5T.Y0000", "..\..\R5T.Y0000\source\R5T.Y0000\R5T.Y0000.csproj", "{6920C86D-FA55-4AD7-BDD8-5CA210075A08}"
EndProject
Project("{9A19103F-16F7-4668-BE54-9A1E7A4F7556}") = "R5T.F0034.Construction", "R5T.F0034.Construction\R5T.F0034.Construction.csproj", "{B4FF0F53-650E-477D-87EB-F39B7D80D4FF}"
EndProject
Global
	GlobalSection(NestedProjects) = preSolution
		{87762D73-729B-43F2-B4EA-7149F5B6D99B} = {CB01A547-C25A-430C-9018-D9EDFF5FE423}
		{356EAE7F-4B6D-44E3-8833-EF193556A075} = {CB01A547-C25A-430C-9018-D9EDFF5FE423}
		{5C79724C-AD9A-49B1-990D-0709C63A4DD3} = {CB01A547-C25A-430C-9018-D9EDFF5FE423}
		{B356E086-C8DE-4637-94B7-AC3CFEEBCBDD} = {CB01A547-C25A-430C-9018-D9EDFF5FE423}
		{81C683B2-C09C-4881-9949-2B495FDFD2F3} = {CB01A547-C25A-430C-9018-D9EDFF5FE423}
		{6920C86D-FA55-4AD7-BDD8-5CA210075A08} = {CB01A547-C25A-430C-9018-D9EDFF5FE423}
	EndGlobalSection
	GlobalSection(SolutionConfigurationPlatforms) = preSolution
		Debug|Any CPU = Debug|Any CPU
		Release|Any CPU = Release|Any CPU
	EndGlobalSection
	GlobalSection(ProjectConfigurationPlatforms) = postSolution
		{E94605FD-C787-4A97-BEE2-BD1E83BDE262}.Debug|Any CPU.ActiveCfg = Debug|Any CPU
		{E94605FD-C787-4A97-BEE2-BD1E83BDE262}.Debug|Any CPU.Build.0 = Debug|Any CPU
		{E94605FD-C787-4A97-BEE2-BD1E83BDE262}.Release|Any CPU.ActiveCfg = Release|Any CPU
		{E94605FD-C787-4A97-BEE2-BD1E83BDE262}.Release|Any CPU.Build.0 = Release|Any CPU
		{87762D73-729B-43F2-B4EA-7149F5B6D99B}.Debug|Any CPU.ActiveCfg = Debug|Any CPU
		{87762D73-729B-43F2-B4EA-7149F5B6D99B}.Debug|Any CPU.Build.0 = Debug|Any CPU
		{87762D73-729B-43F2-B4EA-7149F5B6D99B}.Release|Any CPU.ActiveCfg = Release|Any CPU
		{87762D73-729B-43F2-B4EA-7149F5B6D99B}.Release|Any CPU.Build.0 = Release|Any CPU
		{356EAE7F-4B6D-44E3-8833-EF193556A075}.Debug|Any CPU.ActiveCfg = Debug|Any CPU
		{356EAE7F-4B6D-44E3-8833-EF193556A075}.Debug|Any CPU.Build.0 = Debug|Any CPU
		{356EAE7F-4B6D-44E3-8833-EF193556A075}.Release|Any CPU.ActiveCfg = Release|Any CPU
		{356EAE7F-4B6D-44E3-8833-EF193556A075}.Release|Any CPU.Build.0 = Release|Any CPU
		{5C79724C-AD9A-49B1-990D-0709C63A4DD3}.Debug|Any CPU.ActiveCfg = Debug|Any CPU
		{5C79724C-AD9A-49B1-990D-0709C63A4DD3}.Debug|Any CPU.Build.0 = Debug|Any CPU
		{5C79724C-AD9A-49B1-990D-0709C63A4DD3}.Release|Any CPU.ActiveCfg = Release|Any CPU
		{5C79724C-AD9A-49B1-990D-0709C63A4DD3}.Release|Any CPU.Build.0 = Release|Any CPU
		{B356E086-C8DE-4637-94B7-AC3CFEEBCBDD}.Debug|Any CPU.ActiveCfg = Debug|Any CPU
		{B356E086-C8DE-4637-94B7-AC3CFEEBCBDD}.Debug|Any CPU.Build.0 = Debug|Any CPU
		{B356E086-C8DE-4637-94B7-AC3CFEEBCBDD}.Release|Any CPU.ActiveCfg = Release|Any CPU
		{B356E086-C8DE-4637-94B7-AC3CFEEBCBDD}.Release|Any CPU.Build.0 = Release|Any CPU
		{81C683B2-C09C-4881-9949-2B495FDFD2F3}.Debug|Any CPU.ActiveCfg = Debug|Any CPU
		{81C683B2-C09C-4881-9949-2B495FDFD2F3}.Debug|Any CPU.Build.0 = Debug|Any CPU
		{81C683B2-C09C-4881-9949-2B495FDFD2F3}.Release|Any CPU.ActiveCfg = Release|Any CPU
		{81C683B2-C09C-4881-9949-2B495FDFD2F3}.Release|Any CPU.Build.0 = Release|Any CPU
		{6920C86D-FA55-4AD7-BDD8-5CA210075A08}.Debug|Any CPU.ActiveCfg = Debug|Any CPU
		{6920C86D-FA55-4AD7-BDD8-5CA210075A08}.Debug|Any CPU.Build.0 = Debug|Any CPU
		{6920C86D-FA55-4AD7-BDD8-5CA210075A08}.Release|Any CPU.ActiveCfg = Release|Any CPU
		{6920C86D-FA55-4AD7-BDD8-5CA210075A08}.Release|Any CPU.Build.0 = Release|Any CPU
		{B4FF0F53-650E-477D-87EB-F39B7D80D4FF}.Debug|Any CPU.ActiveCfg = Debug|Any CPU
		{B4FF0F53-650E-477D-87EB-F39B7D80D4FF}.Debug|Any CPU.Build.0 = Debug|Any CPU
		{B4FF0F53-650E-477D-87EB-F39B7D80D4FF}.Release|Any CPU.ActiveCfg = Release|Any CPU
		{B4FF0F53-650E-477D-87EB-F39B7D80D4FF}.Release|Any CPU.Build.0 = Release|Any CPU
	EndGlobalSection
	GlobalSection(SolutionProperties) = preSolution
		HideSolutionNode = FALSE
	EndGlobalSection
	GlobalSection(ExtensibilityGlobals) = postSolution
		SolutionGuid = {A388148A-CBA5-4036-B6C8-12471AE44FF4}
	EndGlobalSection
EndGlobal
