
Microsoft Visual Studio Solution File, Format Version 12.00
# Visual Studio Version 17
VisualStudioVersion = 17.2.32630.192
MinimumVisualStudioVersion = 10.0.40219.1
Project("{9A19103F-16F7-4668-BE54-9A1E7A4F7556}") = "R5T.F0034", "R5T.F0034\R5T.F0034.csproj", "{E94605FD-C787-4A97-BEE2-BD1E83BDE262}"
EndProject
Project("{2150E333-8FDC-42A3-9474-1A3956D46DE8}") = "_Dependencies", "_Dependencies", "{CB01A547-C25A-430C-9018-D9EDFF5FE423}"
EndProject
Project("{9A19103F-16F7-4668-BE54-9A1E7A4F7556}") = "R5T.T0132", "..\..\R5T.T0132\source\R5T.T0132\R5T.T0132.csproj", "{87762D73-729B-43F2-B4EA-7149F5B6D99B}"
EndProject
Project("{9A19103F-16F7-4668-BE54-9A1E7A4F7556}") = "R5T.T0143", "..\..\R5T.T0143\source\R5T.T0143\R5T.T0143.csproj", "{5C79724C-AD9A-49B1-990D-0709C63A4DD3}"
EndProject
Project("{9A19103F-16F7-4668-BE54-9A1E7A4F7556}") = "R5T.Z0000", "..\..\R5T.Z0000\source\R5T.Z0000\R5T.Z0000.csproj", "{B356E086-C8DE-4637-94B7-AC3CFEEBCBDD}"
EndProject
Project("{9A19103F-16F7-4668-BE54-9A1E7A4F7556}") = "R5T.T0131", "..\..\R5T.T0131\source\R5T.T0131\R5T.T0131.csproj", "{81C683B2-C09C-4881-9949-2B495FDFD2F3}"
EndProject
Project("{9A19103F-16F7-4668-BE54-9A1E7A4F7556}") = "R5T.Y0000", "..\..\R5T.Y0000\source\R5T.Y0000\R5T.Y0000.csproj", "{6920C86D-FA55-4AD7-BDD8-5CA210075A08}"
EndProject
Project("{9A19103F-16F7-4668-BE54-9A1E7A4F7556}") = "R5T.F0034.Platform", "R5T.F0034.Platform\R5T.F0034.Platform.csproj", "{44F43F95-278E-4018-9949-28B98FF84EBD}"
EndProject
Project("{9A19103F-16F7-4668-BE54-9A1E7A4F7556}") = "R5T.L0053", "..\..\R5T.L0053\source\R5T.L0053\R5T.L0053.csproj", "{4FA21909-532D-4D9D-983F-23D8C16E86C8}"
EndProject
Project("{9A19103F-16F7-4668-BE54-9A1E7A4F7556}") = "R5T.T0156", "..\..\R5T.T0156\source\R5T.T0156\R5T.T0156.csproj", "{E6D1D692-F1C0-4452-9D3E-AC9FAE5B4B97}"
EndProject
Project("{9A19103F-16F7-4668-BE54-9A1E7A4F7556}") = "R5T.T0178", "..\..\R5T.T0178\source\R5T.T0178\R5T.T0178.csproj", "{FD69B049-F6FC-4F16-BD7E-E86406B774B8}"
EndProject
Project("{9A19103F-16F7-4668-BE54-9A1E7A4F7556}") = "R5T.T0179", "..\..\R5T.T0179\source\R5T.T0179\R5T.T0179.csproj", "{3BDA4F90-4D17-4AD0-8C84-F17365D6C0D9}"
EndProject
Project("{9A19103F-16F7-4668-BE54-9A1E7A4F7556}") = "R5T.T0180", "..\..\R5T.T0180\source\R5T.T0180\R5T.T0180.csproj", "{B8216876-835F-471D-BE64-30B0AC0FC302}"
EndProject
Project("{9A19103F-16F7-4668-BE54-9A1E7A4F7556}") = "R5T.Z0010.Platform", "..\..\R5T.Z0010\source\R5T.Z0010.Platform\R5T.Z0010.Platform.csproj", "{9804474C-34BB-431D-9F81-BED644F1FDFF}"
EndProject
Global
	GlobalSection(NestedProjects) = preSolution
		{87762D73-729B-43F2-B4EA-7149F5B6D99B} = {CB01A547-C25A-430C-9018-D9EDFF5FE423}
		{5C79724C-AD9A-49B1-990D-0709C63A4DD3} = {CB01A547-C25A-430C-9018-D9EDFF5FE423}
		{B356E086-C8DE-4637-94B7-AC3CFEEBCBDD} = {CB01A547-C25A-430C-9018-D9EDFF5FE423}
		{81C683B2-C09C-4881-9949-2B495FDFD2F3} = {CB01A547-C25A-430C-9018-D9EDFF5FE423}
		{6920C86D-FA55-4AD7-BDD8-5CA210075A08} = {CB01A547-C25A-430C-9018-D9EDFF5FE423}
		{4FA21909-532D-4D9D-983F-23D8C16E86C8} = {CB01A547-C25A-430C-9018-D9EDFF5FE423}
		{E6D1D692-F1C0-4452-9D3E-AC9FAE5B4B97} = {CB01A547-C25A-430C-9018-D9EDFF5FE423}
		{FD69B049-F6FC-4F16-BD7E-E86406B774B8} = {CB01A547-C25A-430C-9018-D9EDFF5FE423}
		{3BDA4F90-4D17-4AD0-8C84-F17365D6C0D9} = {CB01A547-C25A-430C-9018-D9EDFF5FE423}
		{B8216876-835F-471D-BE64-30B0AC0FC302} = {CB01A547-C25A-430C-9018-D9EDFF5FE423}
		{9804474C-34BB-431D-9F81-BED644F1FDFF} = {CB01A547-C25A-430C-9018-D9EDFF5FE423}
	EndGlobalSection
	GlobalSection(SolutionConfigurationPlatforms) = preSolution
		Debug|Any CPU = Debug|Any CPU
		Release|Any CPU = Release|Any CPU
	EndGlobalSection
	GlobalSection(ProjectConfigurationPlatforms) = postSolution
		{E94605FD-C787-4A97-BEE2-BD1E83BDE262}.Debug|Any CPU.ActiveCfg = Debug|Any CPU
		{E94605FD-C787-4A97-BEE2-BD1E83BDE262}.Debug|Any CPU.Build.0 = Debug|Any CPU
		{E94605FD-C787-4A97-BEE2-BD1E83BDE262}.Release|Any CPU.ActiveCfg = Release|Any CPU
		{E94605FD-C787-4A97-BEE2-BD1E83BDE262}.Release|Any CPU.Build.0 = Release|Any CPU
		{87762D73-729B-43F2-B4EA-7149F5B6D99B}.Debug|Any CPU.ActiveCfg = Debug|Any CPU
		{87762D73-729B-43F2-B4EA-7149F5B6D99B}.Debug|Any CPU.Build.0 = Debug|Any CPU
		{87762D73-729B-43F2-B4EA-7149F5B6D99B}.Release|Any CPU.ActiveCfg = Release|Any CPU
		{87762D73-729B-43F2-B4EA-7149F5B6D99B}.Release|Any CPU.Build.0 = Release|Any CPU
		{5C79724C-AD9A-49B1-990D-0709C63A4DD3}.Debug|Any CPU.ActiveCfg = Debug|Any CPU
		{5C79724C-AD9A-49B1-990D-0709C63A4DD3}.Debug|Any CPU.Build.0 = Debug|Any CPU
		{5C79724C-AD9A-49B1-990D-0709C63A4DD3}.Release|Any CPU.ActiveCfg = Release|Any CPU
		{5C79724C-AD9A-49B1-990D-0709C63A4DD3}.Release|Any CPU.Build.0 = Release|Any CPU
		{B356E086-C8DE-4637-94B7-AC3CFEEBCBDD}.Debug|Any CPU.ActiveCfg = Debug|Any CPU
		{B356E086-C8DE-4637-94B7-AC3CFEEBCBDD}.Debug|Any CPU.Build.0 = Debug|Any CPU
		{B356E086-C8DE-4637-94B7-AC3CFEEBCBDD}.Release|Any CPU.ActiveCfg = Release|Any CPU
		{B356E086-C8DE-4637-94B7-AC3CFEEBCBDD}.Release|Any CPU.Build.0 = Release|Any CPU
		{81C683B2-C09C-4881-9949-2B495FDFD2F3}.Debug|Any CPU.ActiveCfg = Debug|Any CPU
		{81C683B2-C09C-4881-9949-2B495FDFD2F3}.Debug|Any CPU.Build.0 = Debug|Any CPU
		{81C683B2-C09C-4881-9949-2B495FDFD2F3}.Release|Any CPU.ActiveCfg = Release|Any CPU
		{81C683B2-C09C-4881-9949-2B495FDFD2F3}.Release|Any CPU.Build.0 = Release|Any CPU
		{6920C86D-FA55-4AD7-BDD8-5CA210075A08}.Debug|Any CPU.ActiveCfg = Debug|Any CPU
		{6920C86D-FA55-4AD7-BDD8-5CA210075A08}.Debug|Any CPU.Build.0 = Debug|Any CPU
		{6920C86D-FA55-4AD7-BDD8-5CA210075A08}.Release|Any CPU.ActiveCfg = Release|Any CPU
		{6920C86D-FA55-4AD7-BDD8-5CA210075A08}.Release|Any CPU.Build.0 = Release|Any CPU
		{44F43F95-278E-4018-9949-28B98FF84EBD}.Debug|Any CPU.ActiveCfg = Debug|Any CPU
		{44F43F95-278E-4018-9949-28B98FF84EBD}.Debug|Any CPU.Build.0 = Debug|Any CPU
		{44F43F95-278E-4018-9949-28B98FF84EBD}.Release|Any CPU.ActiveCfg = Release|Any CPU
		{44F43F95-278E-4018-9949-28B98FF84EBD}.Release|Any CPU.Build.0 = Release|Any CPU
		{4FA21909-532D-4D9D-983F-23D8C16E86C8}.Debug|Any CPU.ActiveCfg = Debug|Any CPU
		{4FA21909-532D-4D9D-983F-23D8C16E86C8}.Debug|Any CPU.Build.0 = Debug|Any CPU
		{4FA21909-532D-4D9D-983F-23D8C16E86C8}.Release|Any CPU.ActiveCfg = Release|Any CPU
		{4FA21909-532D-4D9D-983F-23D8C16E86C8}.Release|Any CPU.Build.0 = Release|Any CPU
		{E6D1D692-F1C0-4452-9D3E-AC9FAE5B4B97}.Debug|Any CPU.ActiveCfg = Debug|Any CPU
		{E6D1D692-F1C0-4452-9D3E-AC9FAE5B4B97}.Debug|Any CPU.Build.0 = Debug|Any CPU
		{E6D1D692-F1C0-4452-9D3E-AC9FAE5B4B97}.Release|Any CPU.ActiveCfg = Release|Any CPU
		{E6D1D692-F1C0-4452-9D3E-AC9FAE5B4B97}.Release|Any CPU.Build.0 = Release|Any CPU
		{FD69B049-F6FC-4F16-BD7E-E86406B774B8}.Debug|Any CPU.ActiveCfg = Debug|Any CPU
		{FD69B049-F6FC-4F16-BD7E-E86406B774B8}.Debug|Any CPU.Build.0 = Debug|Any CPU
		{FD69B049-F6FC-4F16-BD7E-E86406B774B8}.Release|Any CPU.ActiveCfg = Release|Any CPU
		{FD69B049-F6FC-4F16-BD7E-E86406B774B8}.Release|Any CPU.Build.0 = Release|Any CPU
		{3BDA4F90-4D17-4AD0-8C84-F17365D6C0D9}.Debug|Any CPU.ActiveCfg = Debug|Any CPU
		{3BDA4F90-4D17-4AD0-8C84-F17365D6C0D9}.Debug|Any CPU.Build.0 = Debug|Any CPU
		{3BDA4F90-4D17-4AD0-8C84-F17365D6C0D9}.Release|Any CPU.ActiveCfg = Release|Any CPU
		{3BDA4F90-4D17-4AD0-8C84-F17365D6C0D9}.Release|Any CPU.Build.0 = Release|Any CPU
		{B8216876-835F-471D-BE64-30B0AC0FC302}.Debug|Any CPU.ActiveCfg = Debug|Any CPU
		{B8216876-835F-471D-BE64-30B0AC0FC302}.Debug|Any CPU.Build.0 = Debug|Any CPU
		{B8216876-835F-471D-BE64-30B0AC0FC302}.Release|Any CPU.ActiveCfg = Release|Any CPU
		{B8216876-835F-471D-BE64-30B0AC0FC302}.Release|Any CPU.Build.0 = Release|Any CPU
		{9804474C-34BB-431D-9F81-BED644F1FDFF}.Debug|Any CPU.ActiveCfg = Debug|Any CPU
		{9804474C-34BB-431D-9F81-BED644F1FDFF}.Debug|Any CPU.Build.0 = Debug|Any CPU
		{9804474C-34BB-431D-9F81-BED644F1FDFF}.Release|Any CPU.ActiveCfg = Release|Any CPU
		{9804474C-34BB-431D-9F81-BED644F1FDFF}.Release|Any CPU.Build.0 = Release|Any CPU
	EndGlobalSection
	GlobalSection(SolutionProperties) = preSolution
		HideSolutionNode = FALSE
	EndGlobalSection
	GlobalSection(ExtensibilityGlobals) = postSolution
		SolutionGuid = {A388148A-CBA5-4036-B6C8-12471AE44FF4}
	EndGlobalSection
EndGlobal
